{
  "object": {
    "pins": [
      {
        "package": "AKRealmUtils",
        "repositoryURL": "https://github.com/Artem-Kalmykov/AKRealmUtils.git",
        "state": {
          "branch": "master",
          "revision": "8e00b07fd6e55ae8b65a50b93d8c606e263caf89",
          "version": null
        }
      },
      {
        "package": "AKUtils",
        "repositoryURL": "https://github.com/Artem-Kalmykov/AKUtils.git",
        "state": {
          "branch": "master",
          "revision": "b5535e4c39573b5e70a2cd35e07ce770ac569c46",
          "version": null
        }
      },
      {
        "package": "Realm",
        "repositoryURL": "https://github.com/realm/realm-cocoa.git",
        "state": {
          "branch": "master",
          "revision": "272a273f5ae256486b50ff4c70d6207a5de4fa91",
          "version": null
        }
      },
      {
        "package": "RealmCore",
        "repositoryURL": "https://github.com/realm/realm-core",
        "state": {
          "branch": null,
          "revision": "35662ff940e340bf630ad1d1d88acfc7af18bee6",
          "version": "5.23.8"
        }
      }
    ]
  },
  "version": 1
}
