{
  "object": {
    "pins": [
      {
        "package": "AKRealmUtils",
        "repositoryURL": "https://github.com/Artem-Kalmykov/AKRealmUtils.git",
        "state": {
          "branch": "master",
          "revision": "8e00b07fd6e55ae8b65a50b93d8c606e263caf89",
          "version": null
        }
      },
      {
        "package": "AKUtils",
        "repositoryURL": "https://github.com/Artem-Kalmykov/AKUtils.git",
        "state": {
          "branch": "master",
          "revision": "b5535e4c39573b5e70a2cd35e07ce770ac569c46",
          "version": null
        }
      },
      {
        "package": "Realm",
        "repositoryURL": "https://github.com/realm/realm-cocoa.git",
        "state": {
          "branch": "master",
          "revision": "47766258c6b086736fd956003192e8a1107dcd8d",
          "version": null
        }
      },
      {
        "package": "RealmCore",
        "repositoryURL": "https://github.com/realm/realm-core",
        "state": {
          "branch": null,
          "revision": "3735ee940583f3d62f73076034505ff4e6207d91",
          "version": "6.0.4"
        }
      }
    ]
  },
  "version": 1
}
